<?xml version="1.0" encoding="utf-8"?>
<Project ToolsVersion="4.0" xmlns="http://schemas.microsoft.com/developer/msbuild/2003">
  <ItemGroup>
    <Filter Include="src">
      <UniqueIdentifier>{a19e2409-dd98-423b-8385-ecd513be006e}</UniqueIdentifier>
    </Filter>
  </ItemGroup>
  <ItemGroup>
    <ClCompile Include="src\GWindow.cpp">
      <Filter>src</Filter>
    </ClCompile>
    <ClCompile Include="src\GElement.cpp">
      <Filter>src</Filter>
    </ClCompile>
    <ClCompile Include="main.cpp" />
  </ItemGroup>
  <ItemGroup>
    <ClInclude Include="src\GElement.h">
      <Filter>src</Filter>
    </ClInclude>
    <ClInclude Include="src\GWindow.h">
      <Filter>src</Filter>
    </ClInclude>
    <ClInclude Include="src\GGraphis.h">
      <Filter>src</Filter>
    </ClInclude>
  </ItemGroup>
  <ItemGroup>
    <None Include="PreBuildEvent.bat" />
  </ItemGroup>
</Project>